{
  "version": 1,
  "members": {
    "livestore": {
      "url": "https://github.com/livestorejs/livestore",
      "ref": "main",
      "commit": "8dc44e65982082216a41e1cd1ed995177131ae76",
      "pinned": true,
      "lockedAt": "2026-07-15T15:15:52.473Z"
    },
    "effect-utils": {
      "url": "https://github.com/overengineeringstudio/effect-utils",
      "ref": "schickling/2026-08-19-pr-snapshot-shared",
      "commit": "dd968b6f9aecafaaf2473c1d87e9179af3905ed6",
      "pinned": true,
      "lockedAt": "2026-06-03T13:22:08.394Z"
    },
    "effect": {
      "url": "https://github.com/effect-ts/effect",
      "ref": "main",
      "commit": "92922ee7de0a2d932121e37677f3e75ea38482f1",
      "pinned": false,
      "lockedAt": "2026-08-19T09:35:14.041Z"
    }
  }
}
