{
  "version": 1,
  "members": {
    "livestore": {
      "url": "https://github.com/livestorejs/livestore",
      "ref": "main",
      "commit": "8dc44e65982082216a41e1cd1ed995177131ae76",
      "pinned": true,
      "lockedAt": "2026-07-15T15:15:52.473Z"
    },
    "effect-utils": {
      "url": "https://github.com/overengineeringstudio/effect-utils",
      "ref": "main",
      "commit": "8c686de0d3837e53afb121faae24d8ebc4249f88",
      "pinned": true,
      "lockedAt": "2026-06-03T13:22:08.394Z"
    },
    "effect": {
      "url": "https://github.com/effect-ts/effect",
      "ref": "main",
      "commit": "4f6ae041a2886c27e941c5d9e4916aa2a32e0a1c",
      "pinned": false,
      "lockedAt": "2026-08-19T15:44:54.121Z"
    }
  }
}
